
Microsoft Visual Studio Solution File, Format Version 12.00
# Visual Studio Version 17
VisualStudioVersion = 17.0.31903.59
MinimumVisualStudioVersion = 10.0.40219.1
Project("{2150E333-8FDC-42A3-9474-1A3956D46DE8}") = "UserService", "UserService", "{C0127DB6-3CA8-EE98-7726-A4993E48C5D4}"
EndProject
Project("{FAE04EC0-301F-11D3-BF4B-00C04F79EFBC}") = "UserService.API", "UserService\UserService.API\UserService.API.csproj", "{AB850E93-F5EC-4151-B701-BA55CEF09994}"
EndProject
Project("{FAE04EC0-301F-11D3-BF4B-00C04F79EFBC}") = "UserService.Domain", "UserService\UserService.Domain\UserService.Domain.csproj", "{F9F4EE07-2C67-4B27-A7A9-0A38EDCA1EC4}"
EndProject
Project("{FAE04EC0-301F-11D3-BF4B-00C04F79EFBC}") = "UserService.Application", "UserService\UserService.Application\UserService.Application.csproj", "{008F3141-8772-4553-BC60-DBC55D8EC89A}"
EndProject
Project("{FAE04EC0-301F-11D3-BF4B-00C04F79EFBC}") = "UserService.Infrastructure", "UserService\UserService.Infrastructure\UserService.Infrastructure.csproj", "{2385356D-30ED-4876-B834-27E6613C2AFF}"
EndProject
Project("{2150E333-8FDC-42A3-9474-1A3956D46DE8}") = "SubscriptionService", "SubscriptionService", "{1DBF20D8-9420-EE46-08C0-9CF5E11DD063}"
EndProject
Project("{FAE04EC0-301F-11D3-BF4B-00C04F79EFBC}") = "SubscriptionService.Domain", "SubscriptionService\SubscriptionService.Domain\SubscriptionService.Domain.csproj", "{CAC4A968-95EE-41CC-AA00-514461A24A66}"
EndProject
Project("{FAE04EC0-301F-11D3-BF4B-00C04F79EFBC}") = "SubscriptionService.Application", "SubscriptionService\SubscriptionService.Application\SubscriptionService.Application.csproj", "{50DE01F7-1714-44E6-B973-95C832E2AEF2}"
EndProject
Project("{FAE04EC0-301F-11D3-BF4B-00C04F79EFBC}") = "SubscriptionService.Infrastructure", "SubscriptionService\SubscriptionService.Infrastructure\SubscriptionService.Infrastructure.csproj", "{AFF573DD-2E86-4820-B9DC-C5B9FA75142E}"
EndProject
Project("{FAE04EC0-301F-11D3-BF4B-00C04F79EFBC}") = "SubscriptionService.API", "SubscriptionService\SubscriptionService.API\SubscriptionService.API.csproj", "{70175897-EB0A-46DE-910E-7EA748C6A8F9}"
EndProject
Project("{2150E333-8FDC-42A3-9474-1A3956D46DE8}") = "OrderService", "OrderService", "{1CDB8257-D98E-AF38-204D-5645D4EEB404}"
EndProject
Project("{FAE04EC0-301F-11D3-BF4B-00C04F79EFBC}") = "OrderService.Domain", "OrderService\OrderService.Domain\OrderService.Domain.csproj", "{3A8D6109-3E2D-4436-8C79-E69E4EFA2315}"
EndProject
Project("{FAE04EC0-301F-11D3-BF4B-00C04F79EFBC}") = "OrderService.Application", "OrderService\OrderService.Application\OrderService.Application.csproj", "{AEB7B40C-2381-4DA3-916D-F344894BE713}"
EndProject
Project("{FAE04EC0-301F-11D3-BF4B-00C04F79EFBC}") = "OrderService.Infrastructure", "OrderService\OrderService.Infrastructure\OrderService.Infrastructure.csproj", "{0ED45C7A-814C-4660-9987-2EA4B6CC21F3}"
EndProject
Project("{FAE04EC0-301F-11D3-BF4B-00C04F79EFBC}") = "OrderService.API", "OrderService\OrderService.API\OrderService.API.csproj", "{F1ACC4A7-C33A-4B7E-8A6D-ABB24F1A3781}"
EndProject
Project("{2150E333-8FDC-42A3-9474-1A3956D46DE8}") = "InventoryService", "InventoryService", "{2C0108AB-5D27-61AE-3E27-841A964D9CD4}"
EndProject
Project("{FAE04EC0-301F-11D3-BF4B-00C04F79EFBC}") = "InventoryService.Domain", "InventoryService\InventoryService.Domain\InventoryService.Domain.csproj", "{EFD9CAEC-E409-48F5-96FB-DDD06BEC11D3}"
EndProject
Project("{FAE04EC0-301F-11D3-BF4B-00C04F79EFBC}") = "InventoryService.Application", "InventoryService\InventoryService.Application\InventoryService.Application.csproj", "{695877B2-37D0-4A97-88DD-BE673B76F6CD}"
EndProject
Project("{FAE04EC0-301F-11D3-BF4B-00C04F79EFBC}") = "InventoryService.Infrastructure", "InventoryService\InventoryService.Infrastructure\InventoryService.Infrastructure.csproj", "{93A569C4-0DF4-4D3B-9D9C-2BEFF012E474}"
EndProject
Project("{FAE04EC0-301F-11D3-BF4B-00C04F79EFBC}") = "InventoryService.API", "InventoryService\InventoryService.API\InventoryService.API.csproj", "{E70F2EDB-B7E8-4E6A-8F07-3457019DF504}"
EndProject
Project("{2150E333-8FDC-42A3-9474-1A3956D46DE8}") = "SalesService", "SalesService", "{33940E3C-9629-E7D5-578F-B430C8564D1B}"
EndProject
Project("{FAE04EC0-301F-11D3-BF4B-00C04F79EFBC}") = "SalesService.Domain", "SalesService\SalesService.Domain\SalesService.Domain.csproj", "{96E814F3-96E5-46D7-829C-E071961E8DE1}"
EndProject
Project("{FAE04EC0-301F-11D3-BF4B-00C04F79EFBC}") = "SalesService.Application", "SalesService\SalesService.Application\SalesService.Application.csproj", "{C2590D0F-DB74-439B-811B-7A12DA1D51AD}"
EndProject
Project("{FAE04EC0-301F-11D3-BF4B-00C04F79EFBC}") = "SalesService.Infrastructure", "SalesService\SalesService.Infrastructure\SalesService.Infrastructure.csproj", "{B86154A6-C1D4-4B8E-97B2-0AF3F3C38D8F}"
EndProject
Project("{FAE04EC0-301F-11D3-BF4B-00C04F79EFBC}") = "SalesService.API", "SalesService\SalesService.API\SalesService.API.csproj", "{10418EE9-1266-4AE3-BE0B-3D5B203EE540}"
EndProject
Project("{2150E333-8FDC-42A3-9474-1A3956D46DE8}") = "Common", "Common", "{881589EE-639B-0A35-DBCE-5D94E4FC90C0}"
EndProject
Project("{FAE04EC0-301F-11D3-BF4B-00C04F79EFBC}") = "Common.HttpClients", "Common\Common.HttpClients\Common.HttpClients.csproj", "{A90A32EF-BC20-4E6D-B26A-8DD00FCD36C7}"
EndProject
Global
	GlobalSection(SolutionConfigurationPlatforms) = preSolution
		Debug|Any CPU = Debug|Any CPU
		Debug|x64 = Debug|x64
		Debug|x86 = Debug|x86
		Release|Any CPU = Release|Any CPU
		Release|x64 = Release|x64
		Release|x86 = Release|x86
	EndGlobalSection
	GlobalSection(ProjectConfigurationPlatforms) = postSolution
		{AB850E93-F5EC-4151-B701-BA55CEF09994}.Debug|Any CPU.ActiveCfg = Debug|Any CPU
		{AB850E93-F5EC-4151-B701-BA55CEF09994}.Debug|Any CPU.Build.0 = Debug|Any CPU
		{AB850E93-F5EC-4151-B701-BA55CEF09994}.Debug|x64.ActiveCfg = Debug|Any CPU
		{AB850E93-F5EC-4151-B701-BA55CEF09994}.Debug|x64.Build.0 = Debug|Any CPU
		{AB850E93-F5EC-4151-B701-BA55CEF09994}.Debug|x86.ActiveCfg = Debug|Any CPU
		{AB850E93-F5EC-4151-B701-BA55CEF09994}.Debug|x86.Build.0 = Debug|Any CPU
		{AB850E93-F5EC-4151-B701-BA55CEF09994}.Release|Any CPU.ActiveCfg = Release|Any CPU
		{AB850E93-F5EC-4151-B701-BA55CEF09994}.Release|Any CPU.Build.0 = Release|Any CPU
		{AB850E93-F5EC-4151-B701-BA55CEF09994}.Release|x64.ActiveCfg = Release|Any CPU
		{AB850E93-F5EC-4151-B701-BA55CEF09994}.Release|x64.Build.0 = Release|Any CPU
		{AB850E93-F5EC-4151-B701-BA55CEF09994}.Release|x86.ActiveCfg = Release|Any CPU
		{AB850E93-F5EC-4151-B701-BA55CEF09994}.Release|x86.Build.0 = Release|Any CPU
		{F9F4EE07-2C67-4B27-A7A9-0A38EDCA1EC4}.Debug|Any CPU.ActiveCfg = Debug|Any CPU
		{F9F4EE07-2C67-4B27-A7A9-0A38EDCA1EC4}.Debug|Any CPU.Build.0 = Debug|Any CPU
		{F9F4EE07-2C67-4B27-A7A9-0A38EDCA1EC4}.Debug|x64.ActiveCfg = Debug|Any CPU
		{F9F4EE07-2C67-4B27-A7A9-0A38EDCA1EC4}.Debug|x64.Build.0 = Debug|Any CPU
		{F9F4EE07-2C67-4B27-A7A9-0A38EDCA1EC4}.Debug|x86.ActiveCfg = Debug|Any CPU
		{F9F4EE07-2C67-4B27-A7A9-0A38EDCA1EC4}.Debug|x86.Build.0 = Debug|Any CPU
		{F9F4EE07-2C67-4B27-A7A9-0A38EDCA1EC4}.Release|Any CPU.ActiveCfg = Release|Any CPU
		{F9F4EE07-2C67-4B27-A7A9-0A38EDCA1EC4}.Release|Any CPU.Build.0 = Release|Any CPU
		{F9F4EE07-2C67-4B27-A7A9-0A38EDCA1EC4}.Release|x64.ActiveCfg = Release|Any CPU
		{F9F4EE07-2C67-4B27-A7A9-0A38EDCA1EC4}.Release|x64.Build.0 = Release|Any CPU
		{F9F4EE07-2C67-4B27-A7A9-0A38EDCA1EC4}.Release|x86.ActiveCfg = Release|Any CPU
		{F9F4EE07-2C67-4B27-A7A9-0A38EDCA1EC4}.Release|x86.Build.0 = Release|Any CPU
		{008F3141-8772-4553-BC60-DBC55D8EC89A}.Debug|Any CPU.ActiveCfg = Debug|Any CPU
		{008F3141-8772-4553-BC60-DBC55D8EC89A}.Debug|Any CPU.Build.0 = Debug|Any CPU
		{008F3141-8772-4553-BC60-DBC55D8EC89A}.Debug|x64.ActiveCfg = Debug|Any CPU
		{008F3141-8772-4553-BC60-DBC55D8EC89A}.Debug|x64.Build.0 = Debug|Any CPU
		{008F3141-8772-4553-BC60-DBC55D8EC89A}.Debug|x86.ActiveCfg = Debug|Any CPU
		{008F3141-8772-4553-BC60-DBC55D8EC89A}.Debug|x86.Build.0 = Debug|Any CPU
		{008F3141-8772-4553-BC60-DBC55D8EC89A}.Release|Any CPU.ActiveCfg = Release|Any CPU
		{008F3141-8772-4553-BC60-DBC55D8EC89A}.Release|Any CPU.Build.0 = Release|Any CPU
		{008F3141-8772-4553-BC60-DBC55D8EC89A}.Release|x64.ActiveCfg = Release|Any CPU
		{008F3141-8772-4553-BC60-DBC55D8EC89A}.Release|x64.Build.0 = Release|Any CPU
		{008F3141-8772-4553-BC60-DBC55D8EC89A}.Release|x86.ActiveCfg = Release|Any CPU
		{008F3141-8772-4553-BC60-DBC55D8EC89A}.Release|x86.Build.0 = Release|Any CPU
		{2385356D-30ED-4876-B834-27E6613C2AFF}.Debug|Any CPU.ActiveCfg = Debug|Any CPU
		{2385356D-30ED-4876-B834-27E6613C2AFF}.Debug|Any CPU.Build.0 = Debug|Any CPU
		{2385356D-30ED-4876-B834-27E6613C2AFF}.Debug|x64.ActiveCfg = Debug|Any CPU
		{2385356D-30ED-4876-B834-27E6613C2AFF}.Debug|x64.Build.0 = Debug|Any CPU
		{2385356D-30ED-4876-B834-27E6613C2AFF}.Debug|x86.ActiveCfg = Debug|Any CPU
		{2385356D-30ED-4876-B834-27E6613C2AFF}.Debug|x86.Build.0 = Debug|Any CPU
		{2385356D-30ED-4876-B834-27E6613C2AFF}.Release|Any CPU.ActiveCfg = Release|Any CPU
		{2385356D-30ED-4876-B834-27E6613C2AFF}.Release|Any CPU.Build.0 = Release|Any CPU
		{2385356D-30ED-4876-B834-27E6613C2AFF}.Release|x64.ActiveCfg = Release|Any CPU
		{2385356D-30ED-4876-B834-27E6613C2AFF}.Release|x64.Build.0 = Release|Any CPU
		{2385356D-30ED-4876-B834-27E6613C2AFF}.Release|x86.ActiveCfg = Release|Any CPU
		{2385356D-30ED-4876-B834-27E6613C2AFF}.Release|x86.Build.0 = Release|Any CPU
		{CAC4A968-95EE-41CC-AA00-514461A24A66}.Debug|Any CPU.ActiveCfg = Debug|Any CPU
		{CAC4A968-95EE-41CC-AA00-514461A24A66}.Debug|Any CPU.Build.0 = Debug|Any CPU
		{CAC4A968-95EE-41CC-AA00-514461A24A66}.Debug|x64.ActiveCfg = Debug|Any CPU
		{CAC4A968-95EE-41CC-AA00-514461A24A66}.Debug|x64.Build.0 = Debug|Any CPU
		{CAC4A968-95EE-41CC-AA00-514461A24A66}.Debug|x86.ActiveCfg = Debug|Any CPU
		{CAC4A968-95EE-41CC-AA00-514461A24A66}.Debug|x86.Build.0 = Debug|Any CPU
		{CAC4A968-95EE-41CC-AA00-514461A24A66}.Release|Any CPU.ActiveCfg = Release|Any CPU
		{CAC4A968-95EE-41CC-AA00-514461A24A66}.Release|Any CPU.Build.0 = Release|Any CPU
		{CAC4A968-95EE-41CC-AA00-514461A24A66}.Release|x64.ActiveCfg = Release|Any CPU
		{CAC4A968-95EE-41CC-AA00-514461A24A66}.Release|x64.Build.0 = Release|Any CPU
		{CAC4A968-95EE-41CC-AA00-514461A24A66}.Release|x86.ActiveCfg = Release|Any CPU
		{CAC4A968-95EE-41CC-AA00-514461A24A66}.Release|x86.Build.0 = Release|Any CPU
		{50DE01F7-1714-44E6-B973-95C832E2AEF2}.Debug|Any CPU.ActiveCfg = Debug|Any CPU
		{50DE01F7-1714-44E6-B973-95C832E2AEF2}.Debug|Any CPU.Build.0 = Debug|Any CPU
		{50DE01F7-1714-44E6-B973-95C832E2AEF2}.Debug|x64.ActiveCfg = Debug|Any CPU
		{50DE01F7-1714-44E6-B973-95C832E2AEF2}.Debug|x64.Build.0 = Debug|Any CPU
		{50DE01F7-1714-44E6-B973-95C832E2AEF2}.Debug|x86.ActiveCfg = Debug|Any CPU
		{50DE01F7-1714-44E6-B973-95C832E2AEF2}.Debug|x86.Build.0 = Debug|Any CPU
		{50DE01F7-1714-44E6-B973-95C832E2AEF2}.Release|Any CPU.ActiveCfg = Release|Any CPU
		{50DE01F7-1714-44E6-B973-95C832E2AEF2}.Release|Any CPU.Build.0 = Release|Any CPU
		{50DE01F7-1714-44E6-B973-95C832E2AEF2}.Release|x64.ActiveCfg = Release|Any CPU
		{50DE01F7-1714-44E6-B973-95C832E2AEF2}.Release|x64.Build.0 = Release|Any CPU
		{50DE01F7-1714-44E6-B973-95C832E2AEF2}.Release|x86.ActiveCfg = Release|Any CPU
		{50DE01F7-1714-44E6-B973-95C832E2AEF2}.Release|x86.Build.0 = Release|Any CPU
		{AFF573DD-2E86-4820-B9DC-C5B9FA75142E}.Debug|Any CPU.ActiveCfg = Debug|Any CPU
		{AFF573DD-2E86-4820-B9DC-C5B9FA75142E}.Debug|Any CPU.Build.0 = Debug|Any CPU
		{AFF573DD-2E86-4820-B9DC-C5B9FA75142E}.Debug|x64.ActiveCfg = Debug|Any CPU
		{AFF573DD-2E86-4820-B9DC-C5B9FA75142E}.Debug|x64.Build.0 = Debug|Any CPU
		{AFF573DD-2E86-4820-B9DC-C5B9FA75142E}.Debug|x86.ActiveCfg = Debug|Any CPU
		{AFF573DD-2E86-4820-B9DC-C5B9FA75142E}.Debug|x86.Build.0 = Debug|Any CPU
		{AFF573DD-2E86-4820-B9DC-C5B9FA75142E}.Release|Any CPU.ActiveCfg = Release|Any CPU
		{AFF573DD-2E86-4820-B9DC-C5B9FA75142E}.Release|Any CPU.Build.0 = Release|Any CPU
		{AFF573DD-2E86-4820-B9DC-C5B9FA75142E}.Release|x64.ActiveCfg = Release|Any CPU
		{AFF573DD-2E86-4820-B9DC-C5B9FA75142E}.Release|x64.Build.0 = Release|Any CPU
		{AFF573DD-2E86-4820-B9DC-C5B9FA75142E}.Release|x86.ActiveCfg = Release|Any CPU
		{AFF573DD-2E86-4820-B9DC-C5B9FA75142E}.Release|x86.Build.0 = Release|Any CPU
		{70175897-EB0A-46DE-910E-7EA748C6A8F9}.Debug|Any CPU.ActiveCfg = Debug|Any CPU
		{70175897-EB0A-46DE-910E-7EA748C6A8F9}.Debug|Any CPU.Build.0 = Debug|Any CPU
		{70175897-EB0A-46DE-910E-7EA748C6A8F9}.Debug|x64.ActiveCfg = Debug|Any CPU
		{70175897-EB0A-46DE-910E-7EA748C6A8F9}.Debug|x64.Build.0 = Debug|Any CPU
		{70175897-EB0A-46DE-910E-7EA748C6A8F9}.Debug|x86.ActiveCfg = Debug|Any CPU
		{70175897-EB0A-46DE-910E-7EA748C6A8F9}.Debug|x86.Build.0 = Debug|Any CPU
		{70175897-EB0A-46DE-910E-7EA748C6A8F9}.Release|Any CPU.ActiveCfg = Release|Any CPU
		{70175897-EB0A-46DE-910E-7EA748C6A8F9}.Release|Any CPU.Build.0 = Release|Any CPU
		{70175897-EB0A-46DE-910E-7EA748C6A8F9}.Release|x64.ActiveCfg = Release|Any CPU
		{70175897-EB0A-46DE-910E-7EA748C6A8F9}.Release|x64.Build.0 = Release|Any CPU
		{70175897-EB0A-46DE-910E-7EA748C6A8F9}.Release|x86.ActiveCfg = Release|Any CPU
		{70175897-EB0A-46DE-910E-7EA748C6A8F9}.Release|x86.Build.0 = Release|Any CPU
		{3A8D6109-3E2D-4436-8C79-E69E4EFA2315}.Debug|Any CPU.ActiveCfg = Debug|Any CPU
		{3A8D6109-3E2D-4436-8C79-E69E4EFA2315}.Debug|Any CPU.Build.0 = Debug|Any CPU
		{3A8D6109-3E2D-4436-8C79-E69E4EFA2315}.Debug|x64.ActiveCfg = Debug|Any CPU
		{3A8D6109-3E2D-4436-8C79-E69E4EFA2315}.Debug|x64.Build.0 = Debug|Any CPU
		{3A8D6109-3E2D-4436-8C79-E69E4EFA2315}.Debug|x86.ActiveCfg = Debug|Any CPU
		{3A8D6109-3E2D-4436-8C79-E69E4EFA2315}.Debug|x86.Build.0 = Debug|Any CPU
		{3A8D6109-3E2D-4436-8C79-E69E4EFA2315}.Release|Any CPU.ActiveCfg = Release|Any CPU
		{3A8D6109-3E2D-4436-8C79-E69E4EFA2315}.Release|Any CPU.Build.0 = Release|Any CPU
		{3A8D6109-3E2D-4436-8C79-E69E4EFA2315}.Release|x64.ActiveCfg = Release|Any CPU
		{3A8D6109-3E2D-4436-8C79-E69E4EFA2315}.Release|x64.Build.0 = Release|Any CPU
		{3A8D6109-3E2D-4436-8C79-E69E4EFA2315}.Release|x86.ActiveCfg = Release|Any CPU
		{3A8D6109-3E2D-4436-8C79-E69E4EFA2315}.Release|x86.Build.0 = Release|Any CPU
		{AEB7B40C-2381-4DA3-916D-F344894BE713}.Debug|Any CPU.ActiveCfg = Debug|Any CPU
		{AEB7B40C-2381-4DA3-916D-F344894BE713}.Debug|Any CPU.Build.0 = Debug|Any CPU
		{AEB7B40C-2381-4DA3-916D-F344894BE713}.Debug|x64.ActiveCfg = Debug|Any CPU
		{AEB7B40C-2381-4DA3-916D-F344894BE713}.Debug|x64.Build.0 = Debug|Any CPU
		{AEB7B40C-2381-4DA3-916D-F344894BE713}.Debug|x86.ActiveCfg = Debug|Any CPU
		{AEB7B40C-2381-4DA3-916D-F344894BE713}.Debug|x86.Build.0 = Debug|Any CPU
		{AEB7B40C-2381-4DA3-916D-F344894BE713}.Release|Any CPU.ActiveCfg = Release|Any CPU
		{AEB7B40C-2381-4DA3-916D-F344894BE713}.Release|Any CPU.Build.0 = Release|Any CPU
		{AEB7B40C-2381-4DA3-916D-F344894BE713}.Release|x64.ActiveCfg = Release|Any CPU
		{AEB7B40C-2381-4DA3-916D-F344894BE713}.Release|x64.Build.0 = Release|Any CPU
		{AEB7B40C-2381-4DA3-916D-F344894BE713}.Release|x86.ActiveCfg = Release|Any CPU
		{AEB7B40C-2381-4DA3-916D-F344894BE713}.Release|x86.Build.0 = Release|Any CPU
		{0ED45C7A-814C-4660-9987-2EA4B6CC21F3}.Debug|Any CPU.ActiveCfg = Debug|Any CPU
		{0ED45C7A-814C-4660-9987-2EA4B6CC21F3}.Debug|Any CPU.Build.0 = Debug|Any CPU
		{0ED45C7A-814C-4660-9987-2EA4B6CC21F3}.Debug|x64.ActiveCfg = Debug|Any CPU
		{0ED45C7A-814C-4660-9987-2EA4B6CC21F3}.Debug|x64.Build.0 = Debug|Any CPU
		{0ED45C7A-814C-4660-9987-2EA4B6CC21F3}.Debug|x86.ActiveCfg = Debug|Any CPU
		{0ED45C7A-814C-4660-9987-2EA4B6CC21F3}.Debug|x86.Build.0 = Debug|Any CPU
		{0ED45C7A-814C-4660-9987-2EA4B6CC21F3}.Release|Any CPU.ActiveCfg = Release|Any CPU
		{0ED45C7A-814C-4660-9987-2EA4B6CC21F3}.Release|Any CPU.Build.0 = Release|Any CPU
		{0ED45C7A-814C-4660-9987-2EA4B6CC21F3}.Release|x64.ActiveCfg = Release|Any CPU
		{0ED45C7A-814C-4660-9987-2EA4B6CC21F3}.Release|x64.Build.0 = Release|Any CPU
		{0ED45C7A-814C-4660-9987-2EA4B6CC21F3}.Release|x86.ActiveCfg = Release|Any CPU
		{0ED45C7A-814C-4660-9987-2EA4B6CC21F3}.Release|x86.Build.0 = Release|Any CPU
		{F1ACC4A7-C33A-4B7E-8A6D-ABB24F1A3781}.Debug|Any CPU.ActiveCfg = Debug|Any CPU
		{F1ACC4A7-C33A-4B7E-8A6D-ABB24F1A3781}.Debug|Any CPU.Build.0 = Debug|Any CPU
		{F1ACC4A7-C33A-4B7E-8A6D-ABB24F1A3781}.Debug|x64.ActiveCfg = Debug|Any CPU
		{F1ACC4A7-C33A-4B7E-8A6D-ABB24F1A3781}.Debug|x64.Build.0 = Debug|Any CPU
		{F1ACC4A7-C33A-4B7E-8A6D-ABB24F1A3781}.Debug|x86.ActiveCfg = Debug|Any CPU
		{F1ACC4A7-C33A-4B7E-8A6D-ABB24F1A3781}.Debug|x86.Build.0 = Debug|Any CPU
		{F1ACC4A7-C33A-4B7E-8A6D-ABB24F1A3781}.Release|Any CPU.ActiveCfg = Release|Any CPU
		{F1ACC4A7-C33A-4B7E-8A6D-ABB24F1A3781}.Release|Any CPU.Build.0 = Release|Any CPU
		{F1ACC4A7-C33A-4B7E-8A6D-ABB24F1A3781}.Release|x64.ActiveCfg = Release|Any CPU
		{F1ACC4A7-C33A-4B7E-8A6D-ABB24F1A3781}.Release|x64.Build.0 = Release|Any CPU
		{F1ACC4A7-C33A-4B7E-8A6D-ABB24F1A3781}.Release|x86.ActiveCfg = Release|Any CPU
		{F1ACC4A7-C33A-4B7E-8A6D-ABB24F1A3781}.Release|x86.Build.0 = Release|Any CPU
		{EFD9CAEC-E409-48F5-96FB-DDD06BEC11D3}.Debug|Any CPU.ActiveCfg = Debug|Any CPU
		{EFD9CAEC-E409-48F5-96FB-DDD06BEC11D3}.Debug|Any CPU.Build.0 = Debug|Any CPU
		{EFD9CAEC-E409-48F5-96FB-DDD06BEC11D3}.Debug|x64.ActiveCfg = Debug|Any CPU
		{EFD9CAEC-E409-48F5-96FB-DDD06BEC11D3}.Debug|x64.Build.0 = Debug|Any CPU
		{EFD9CAEC-E409-48F5-96FB-DDD06BEC11D3}.Debug|x86.ActiveCfg = Debug|Any CPU
		{EFD9CAEC-E409-48F5-96FB-DDD06BEC11D3}.Debug|x86.Build.0 = Debug|Any CPU
		{EFD9CAEC-E409-48F5-96FB-DDD06BEC11D3}.Release|Any CPU.ActiveCfg = Release|Any CPU
		{EFD9CAEC-E409-48F5-96FB-DDD06BEC11D3}.Release|Any CPU.Build.0 = Release|Any CPU
		{EFD9CAEC-E409-48F5-96FB-DDD06BEC11D3}.Release|x64.ActiveCfg = Release|Any CPU
		{EFD9CAEC-E409-48F5-96FB-DDD06BEC11D3}.Release|x64.Build.0 = Release|Any CPU
		{EFD9CAEC-E409-48F5-96FB-DDD06BEC11D3}.Release|x86.ActiveCfg = Release|Any CPU
		{EFD9CAEC-E409-48F5-96FB-DDD06BEC11D3}.Release|x86.Build.0 = Release|Any CPU
		{695877B2-37D0-4A97-88DD-BE673B76F6CD}.Debug|Any CPU.ActiveCfg = Debug|Any CPU
		{695877B2-37D0-4A97-88DD-BE673B76F6CD}.Debug|Any CPU.Build.0 = Debug|Any CPU
		{695877B2-37D0-4A97-88DD-BE673B76F6CD}.Debug|x64.ActiveCfg = Debug|Any CPU
		{695877B2-37D0-4A97-88DD-BE673B76F6CD}.Debug|x64.Build.0 = Debug|Any CPU
		{695877B2-37D0-4A97-88DD-BE673B76F6CD}.Debug|x86.ActiveCfg = Debug|Any CPU
		{695877B2-37D0-4A97-88DD-BE673B76F6CD}.Debug|x86.Build.0 = Debug|Any CPU
		{695877B2-37D0-4A97-88DD-BE673B76F6CD}.Release|Any CPU.ActiveCfg = Release|Any CPU
		{695877B2-37D0-4A97-88DD-BE673B76F6CD}.Release|Any CPU.Build.0 = Release|Any CPU
		{695877B2-37D0-4A97-88DD-BE673B76F6CD}.Release|x64.ActiveCfg = Release|Any CPU
		{695877B2-37D0-4A97-88DD-BE673B76F6CD}.Release|x64.Build.0 = Release|Any CPU
		{695877B2-37D0-4A97-88DD-BE673B76F6CD}.Release|x86.ActiveCfg = Release|Any CPU
		{695877B2-37D0-4A97-88DD-BE673B76F6CD}.Release|x86.Build.0 = Release|Any CPU
		{93A569C4-0DF4-4D3B-9D9C-2BEFF012E474}.Debug|Any CPU.ActiveCfg = Debug|Any CPU
		{93A569C4-0DF4-4D3B-9D9C-2BEFF012E474}.Debug|Any CPU.Build.0 = Debug|Any CPU
		{93A569C4-0DF4-4D3B-9D9C-2BEFF012E474}.Debug|x64.ActiveCfg = Debug|Any CPU
		{93A569C4-0DF4-4D3B-9D9C-2BEFF012E474}.Debug|x64.Build.0 = Debug|Any CPU
		{93A569C4-0DF4-4D3B-9D9C-2BEFF012E474}.Debug|x86.ActiveCfg = Debug|Any CPU
		{93A569C4-0DF4-4D3B-9D9C-2BEFF012E474}.Debug|x86.Build.0 = Debug|Any CPU
		{93A569C4-0DF4-4D3B-9D9C-2BEFF012E474}.Release|Any CPU.ActiveCfg = Release|Any CPU
		{93A569C4-0DF4-4D3B-9D9C-2BEFF012E474}.Release|Any CPU.Build.0 = Release|Any CPU
		{93A569C4-0DF4-4D3B-9D9C-2BEFF012E474}.Release|x64.ActiveCfg = Release|Any CPU
		{93A569C4-0DF4-4D3B-9D9C-2BEFF012E474}.Release|x64.Build.0 = Release|Any CPU
		{93A569C4-0DF4-4D3B-9D9C-2BEFF012E474}.Release|x86.ActiveCfg = Release|Any CPU
		{93A569C4-0DF4-4D3B-9D9C-2BEFF012E474}.Release|x86.Build.0 = Release|Any CPU
		{E70F2EDB-B7E8-4E6A-8F07-3457019DF504}.Debug|Any CPU.ActiveCfg = Debug|Any CPU
		{E70F2EDB-B7E8-4E6A-8F07-3457019DF504}.Debug|Any CPU.Build.0 = Debug|Any CPU
		{E70F2EDB-B7E8-4E6A-8F07-3457019DF504}.Debug|x64.ActiveCfg = Debug|Any CPU
		{E70F2EDB-B7E8-4E6A-8F07-3457019DF504}.Debug|x64.Build.0 = Debug|Any CPU
		{E70F2EDB-B7E8-4E6A-8F07-3457019DF504}.Debug|x86.ActiveCfg = Debug|Any CPU
		{E70F2EDB-B7E8-4E6A-8F07-3457019DF504}.Debug|x86.Build.0 = Debug|Any CPU
		{E70F2EDB-B7E8-4E6A-8F07-3457019DF504}.Release|Any CPU.ActiveCfg = Release|Any CPU
		{E70F2EDB-B7E8-4E6A-8F07-3457019DF504}.Release|Any CPU.Build.0 = Release|Any CPU
		{E70F2EDB-B7E8-4E6A-8F07-3457019DF504}.Release|x64.ActiveCfg = Release|Any CPU
		{E70F2EDB-B7E8-4E6A-8F07-3457019DF504}.Release|x64.Build.0 = Release|Any CPU
		{E70F2EDB-B7E8-4E6A-8F07-3457019DF504}.Release|x86.ActiveCfg = Release|Any CPU
		{E70F2EDB-B7E8-4E6A-8F07-3457019DF504}.Release|x86.Build.0 = Release|Any CPU
		{96E814F3-96E5-46D7-829C-E071961E8DE1}.Debug|Any CPU.ActiveCfg = Debug|Any CPU
		{96E814F3-96E5-46D7-829C-E071961E8DE1}.Debug|Any CPU.Build.0 = Debug|Any CPU
		{96E814F3-96E5-46D7-829C-E071961E8DE1}.Debug|x64.ActiveCfg = Debug|Any CPU
		{96E814F3-96E5-46D7-829C-E071961E8DE1}.Debug|x64.Build.0 = Debug|Any CPU
		{96E814F3-96E5-46D7-829C-E071961E8DE1}.Debug|x86.ActiveCfg = Debug|Any CPU
		{96E814F3-96E5-46D7-829C-E071961E8DE1}.Debug|x86.Build.0 = Debug|Any CPU
		{96E814F3-96E5-46D7-829C-E071961E8DE1}.Release|Any CPU.ActiveCfg = Release|Any CPU
		{96E814F3-96E5-46D7-829C-E071961E8DE1}.Release|Any CPU.Build.0 = Release|Any CPU
		{96E814F3-96E5-46D7-829C-E071961E8DE1}.Release|x64.ActiveCfg = Release|Any CPU
		{96E814F3-96E5-46D7-829C-E071961E8DE1}.Release|x64.Build.0 = Release|Any CPU
		{96E814F3-96E5-46D7-829C-E071961E8DE1}.Release|x86.ActiveCfg = Release|Any CPU
		{96E814F3-96E5-46D7-829C-E071961E8DE1}.Release|x86.Build.0 = Release|Any CPU
		{C2590D0F-DB74-439B-811B-7A12DA1D51AD}.Debug|Any CPU.ActiveCfg = Debug|Any CPU
		{C2590D0F-DB74-439B-811B-7A12DA1D51AD}.Debug|Any CPU.Build.0 = Debug|Any CPU
		{C2590D0F-DB74-439B-811B-7A12DA1D51AD}.Debug|x64.ActiveCfg = Debug|Any CPU
		{C2590D0F-DB74-439B-811B-7A12DA1D51AD}.Debug|x64.Build.0 = Debug|Any CPU
		{C2590D0F-DB74-439B-811B-7A12DA1D51AD}.Debug|x86.ActiveCfg = Debug|Any CPU
		{C2590D0F-DB74-439B-811B-7A12DA1D51AD}.Debug|x86.Build.0 = Debug|Any CPU
		{C2590D0F-DB74-439B-811B-7A12DA1D51AD}.Release|Any CPU.ActiveCfg = Release|Any CPU
		{C2590D0F-DB74-439B-811B-7A12DA1D51AD}.Release|Any CPU.Build.0 = Release|Any CPU
		{C2590D0F-DB74-439B-811B-7A12DA1D51AD}.Release|x64.ActiveCfg = Release|Any CPU
		{C2590D0F-DB74-439B-811B-7A12DA1D51AD}.Release|x64.Build.0 = Release|Any CPU
		{C2590D0F-DB74-439B-811B-7A12DA1D51AD}.Release|x86.ActiveCfg = Release|Any CPU
		{C2590D0F-DB74-439B-811B-7A12DA1D51AD}.Release|x86.Build.0 = Release|Any CPU
		{B86154A6-C1D4-4B8E-97B2-0AF3F3C38D8F}.Debug|Any CPU.ActiveCfg = Debug|Any CPU
		{B86154A6-C1D4-4B8E-97B2-0AF3F3C38D8F}.Debug|Any CPU.Build.0 = Debug|Any CPU
		{B86154A6-C1D4-4B8E-97B2-0AF3F3C38D8F}.Debug|x64.ActiveCfg = Debug|Any CPU
		{B86154A6-C1D4-4B8E-97B2-0AF3F3C38D8F}.Debug|x64.Build.0 = Debug|Any CPU
		{B86154A6-C1D4-4B8E-97B2-0AF3F3C38D8F}.Debug|x86.ActiveCfg = Debug|Any CPU
		{B86154A6-C1D4-4B8E-97B2-0AF3F3C38D8F}.Debug|x86.Build.0 = Debug|Any CPU
		{B86154A6-C1D4-4B8E-97B2-0AF3F3C38D8F}.Release|Any CPU.ActiveCfg = Release|Any CPU
		{B86154A6-C1D4-4B8E-97B2-0AF3F3C38D8F}.Release|Any CPU.Build.0 = Release|Any CPU
		{B86154A6-C1D4-4B8E-97B2-0AF3F3C38D8F}.Release|x64.ActiveCfg = Release|Any CPU
		{B86154A6-C1D4-4B8E-97B2-0AF3F3C38D8F}.Release|x64.Build.0 = Release|Any CPU
		{B86154A6-C1D4-4B8E-97B2-0AF3F3C38D8F}.Release|x86.ActiveCfg = Release|Any CPU
		{B86154A6-C1D4-4B8E-97B2-0AF3F3C38D8F}.Release|x86.Build.0 = Release|Any CPU
		{10418EE9-1266-4AE3-BE0B-3D5B203EE540}.Debug|Any CPU.ActiveCfg = Debug|Any CPU
		{10418EE9-1266-4AE3-BE0B-3D5B203EE540}.Debug|Any CPU.Build.0 = Debug|Any CPU
		{10418EE9-1266-4AE3-BE0B-3D5B203EE540}.Debug|x64.ActiveCfg = Debug|Any CPU
		{10418EE9-1266-4AE3-BE0B-3D5B203EE540}.Debug|x64.Build.0 = Debug|Any CPU
		{10418EE9-1266-4AE3-BE0B-3D5B203EE540}.Debug|x86.ActiveCfg = Debug|Any CPU
		{10418EE9-1266-4AE3-BE0B-3D5B203EE540}.Debug|x86.Build.0 = Debug|Any CPU
		{10418EE9-1266-4AE3-BE0B-3D5B203EE540}.Release|Any CPU.ActiveCfg = Release|Any CPU
		{10418EE9-1266-4AE3-BE0B-3D5B203EE540}.Release|Any CPU.Build.0 = Release|Any CPU
		{10418EE9-1266-4AE3-BE0B-3D5B203EE540}.Release|x64.ActiveCfg = Release|Any CPU
		{10418EE9-1266-4AE3-BE0B-3D5B203EE540}.Release|x64.Build.0 = Release|Any CPU
		{10418EE9-1266-4AE3-BE0B-3D5B203EE540}.Release|x86.ActiveCfg = Release|Any CPU
		{10418EE9-1266-4AE3-BE0B-3D5B203EE540}.Release|x86.Build.0 = Release|Any CPU
		{A90A32EF-BC20-4E6D-B26A-8DD00FCD36C7}.Debug|Any CPU.ActiveCfg = Debug|Any CPU
		{A90A32EF-BC20-4E6D-B26A-8DD00FCD36C7}.Debug|Any CPU.Build.0 = Debug|Any CPU
		{A90A32EF-BC20-4E6D-B26A-8DD00FCD36C7}.Debug|x64.ActiveCfg = Debug|Any CPU
		{A90A32EF-BC20-4E6D-B26A-8DD00FCD36C7}.Debug|x64.Build.0 = Debug|Any CPU
		{A90A32EF-BC20-4E6D-B26A-8DD00FCD36C7}.Debug|x86.ActiveCfg = Debug|Any CPU
		{A90A32EF-BC20-4E6D-B26A-8DD00FCD36C7}.Debug|x86.Build.0 = Debug|Any CPU
		{A90A32EF-BC20-4E6D-B26A-8DD00FCD36C7}.Release|Any CPU.ActiveCfg = Release|Any CPU
		{A90A32EF-BC20-4E6D-B26A-8DD00FCD36C7}.Release|Any CPU.Build.0 = Release|Any CPU
		{A90A32EF-BC20-4E6D-B26A-8DD00FCD36C7}.Release|x64.ActiveCfg = Release|Any CPU
		{A90A32EF-BC20-4E6D-B26A-8DD00FCD36C7}.Release|x64.Build.0 = Release|Any CPU
		{A90A32EF-BC20-4E6D-B26A-8DD00FCD36C7}.Release|x86.ActiveCfg = Release|Any CPU
		{A90A32EF-BC20-4E6D-B26A-8DD00FCD36C7}.Release|x86.Build.0 = Release|Any CPU
	EndGlobalSection
	GlobalSection(SolutionProperties) = preSolution
		HideSolutionNode = FALSE
	EndGlobalSection
	GlobalSection(NestedProjects) = preSolution
		{AB850E93-F5EC-4151-B701-BA55CEF09994} = {C0127DB6-3CA8-EE98-7726-A4993E48C5D4}
		{F9F4EE07-2C67-4B27-A7A9-0A38EDCA1EC4} = {C0127DB6-3CA8-EE98-7726-A4993E48C5D4}
		{008F3141-8772-4553-BC60-DBC55D8EC89A} = {C0127DB6-3CA8-EE98-7726-A4993E48C5D4}
		{2385356D-30ED-4876-B834-27E6613C2AFF} = {C0127DB6-3CA8-EE98-7726-A4993E48C5D4}
		{CAC4A968-95EE-41CC-AA00-514461A24A66} = {1DBF20D8-9420-EE46-08C0-9CF5E11DD063}
		{50DE01F7-1714-44E6-B973-95C832E2AEF2} = {1DBF20D8-9420-EE46-08C0-9CF5E11DD063}
		{AFF573DD-2E86-4820-B9DC-C5B9FA75142E} = {1DBF20D8-9420-EE46-08C0-9CF5E11DD063}
		{70175897-EB0A-46DE-910E-7EA748C6A8F9} = {1DBF20D8-9420-EE46-08C0-9CF5E11DD063}
		{3A8D6109-3E2D-4436-8C79-E69E4EFA2315} = {1CDB8257-D98E-AF38-204D-5645D4EEB404}
		{AEB7B40C-2381-4DA3-916D-F344894BE713} = {1CDB8257-D98E-AF38-204D-5645D4EEB404}
		{0ED45C7A-814C-4660-9987-2EA4B6CC21F3} = {1CDB8257-D98E-AF38-204D-5645D4EEB404}
		{F1ACC4A7-C33A-4B7E-8A6D-ABB24F1A3781} = {1CDB8257-D98E-AF38-204D-5645D4EEB404}
		{EFD9CAEC-E409-48F5-96FB-DDD06BEC11D3} = {2C0108AB-5D27-61AE-3E27-841A964D9CD4}
		{695877B2-37D0-4A97-88DD-BE673B76F6CD} = {2C0108AB-5D27-61AE-3E27-841A964D9CD4}
		{93A569C4-0DF4-4D3B-9D9C-2BEFF012E474} = {2C0108AB-5D27-61AE-3E27-841A964D9CD4}
		{E70F2EDB-B7E8-4E6A-8F07-3457019DF504} = {2C0108AB-5D27-61AE-3E27-841A964D9CD4}
		{96E814F3-96E5-46D7-829C-E071961E8DE1} = {33940E3C-9629-E7D5-578F-B430C8564D1B}
		{C2590D0F-DB74-439B-811B-7A12DA1D51AD} = {33940E3C-9629-E7D5-578F-B430C8564D1B}
		{B86154A6-C1D4-4B8E-97B2-0AF3F3C38D8F} = {33940E3C-9629-E7D5-578F-B430C8564D1B}
		{10418EE9-1266-4AE3-BE0B-3D5B203EE540} = {33940E3C-9629-E7D5-578F-B430C8564D1B}
		{A90A32EF-BC20-4E6D-B26A-8DD00FCD36C7} = {881589EE-639B-0A35-DBCE-5D94E4FC90C0}
	EndGlobalSection
EndGlobal
